# Generated by move; do not edit
# This file should be checked in.

[move]
version = 4

[pinned.testnet.MoveStdlib]
source = { git = "https://github.com/MystenLabs/sui.git", subdir = "crates/sui-framework/packages/move-stdlib", rev = "6f6f095c246733e7b155abebb63a4e64d64e17b9" }
use_environment = "testnet"
manifest_digest = "C4FE4C91DE74CBF223B2E380AE40F592177D21870DC2D7EB6227D2D694E05363"
deps = {}

[pinned.testnet.Pyth]
source = { git = "https://github.com/naviprotocol/pyth-crosschain.git", subdir = "target_chains/sui/contracts", rev = "1880b24c6acfaac101747f863c5047fff9adaa0f" }
use_environment = "testnet"
manifest_digest = "485F78616CB77F1A3EA3FC932926DF0B5411D2758EE2BAFA4C4652A4EF06D29B"
deps = { Sui = "Sui", Wormhole = "Wormhole" }

[pinned.testnet.Sui]
source = { git = "https://github.com/MystenLabs/sui.git", subdir = "crates/sui-framework/packages/sui-framework", rev = "6f6f095c246733e7b155abebb63a4e64d64e17b9" }
use_environment = "testnet"
manifest_digest = "7AFB66695545775FBFBB2D3078ADFD084244D5002392E837FDE21D9EA1C6D01C"
deps = { MoveStdlib = "MoveStdlib" }

[pinned.testnet.SupraOracle]
source = { git = "https://github.com/naviprotocol/supra-oracle.git", subdir = "supra_holder", rev = "0d41a846e75cff18da44e462260bf60c73417c8e" }
use_environment = "testnet"
manifest_digest = "9C02A35D78AABF65198AAF05ECD1263DA17CF8CDC9057DBD530C7A2EEC5B1DF4"
deps = { Sui = "Sui", supra_validator = "supra_validator" }

[pinned.testnet.Wormhole]
source = { git = "https://github.com/naviprotocol/wormhole.git", subdir = "sui/wormhole", rev = "7749aff1380b0f63743d36856a5934de606483ba" }
use_environment = "testnet"
manifest_digest = "C2772B976EC6A56C32071C116C869B6B810C731713A3E79642606E99AE1F55DA"
deps = { Sui = "Sui" }

[pinned.testnet.oracle]
source = { root = true }
use_environment = "testnet"
manifest_digest = "8CCC7A2A3DE3DCDE8FBB6F6542ABC79170A221F616D925873CAEFE585EA52C1E"
deps = { Pyth = "Pyth", Sui = "Sui", SupraOracle = "SupraOracle" }

[pinned.testnet.supra_utils]
source = { git = "https://github.com/naviprotocol/supra-oracle.git", subdir = "supra_utils", rev = "0d41a846e75cff18da44e462260bf60c73417c8e" }
use_environment = "testnet"
manifest_digest = "C2772B976EC6A56C32071C116C869B6B810C731713A3E79642606E99AE1F55DA"
deps = { Sui = "Sui" }

[pinned.testnet.supra_validator]
source = { git = "https://github.com/naviprotocol/supra-oracle.git", subdir = "supra_validator", rev = "0d41a846e75cff18da44e462260bf60c73417c8e" }
use_environment = "testnet"
manifest_digest = "20910F73E6DB180B11201B71A872B16AED4CFEF8AAE1428E33839CB5860A569E"
deps = { Sui = "Sui", supra_utils = "supra_utils" }
