# Generated by move; do not edit
# This file should be checked in.

[move]
version = 4

[pinned.mainnet.CetusClmm]
source = { git = "https://github.com/CetusProtocol/cetus-clmm-interface.git", subdir = "sui/cetus_clmm", rev = "4be0b8b23610d9c167ced355754172ca3d67cb6a" }
use_environment = "mainnet"
manifest_digest = "FF6CE08AFFE98B7A8C158DCCB8BCC096E09EE192AA2E81E9D0C649791C889865"
deps = { IntegerMate = "IntegerMate", MoveSTL = "MoveSTL", std = "MoveStdlib", sui = "Sui" }

[pinned.mainnet.IntegerMate]
source = { git = "https://github.com/CetusProtocol/integer-mate.git", subdir = "sui", rev = "06660f704c4ac1d443ab62346a46b5b60d49df33" }
use_environment = "mainnet"
manifest_digest = "7AF3E6BDD80570B066831AC1D2C79EC7DF74BB5F48F30183D9CE56C08F817641"
deps = { Sui = "Sui_1" }

[pinned.mainnet.MoveSTL]
source = { git = "https://github.com/CetusProtocol/move-stl.git", subdir = "sui", rev = "cdb7be691e31144d83197078956316912485d587" }
use_environment = "mainnet"
manifest_digest = "E41BBD67BE8940D26C79D78B028477EF5B33BA217A1282C78ACB344CF8A5ECF6"
deps = { std = "MoveStdlib", sui = "Sui" }

[pinned.mainnet.MoveStdlib]
source = { git = "https://github.com/MystenLabs/sui.git", subdir = "crates/sui-framework/packages/move-stdlib", rev = "367fd808279bed26f7c64fc63160062a2ee29ab7" }
use_environment = "mainnet"
manifest_digest = "C4FE4C91DE74CBF223B2E380AE40F592177D21870DC2D7EB6227D2D694E05363"
deps = {}

[pinned.mainnet.MoveStdlib_1]
source = { git = "https://github.com/MystenLabs/sui.git", subdir = "crates/sui-framework/packages/move-stdlib", rev = "2b1b14361f9fe645ef3c233ccb208522e87b5727" }
use_environment = "mainnet"
manifest_digest = "C4FE4C91DE74CBF223B2E380AE40F592177D21870DC2D7EB6227D2D694E05363"
deps = {}

[pinned.mainnet.MoveStdlib_2]
source = { git = "https://github.com/MystenLabs/sui.git", subdir = "crates/sui-framework/packages/move-stdlib", rev = "041c5f2bae2fe52079e44b70514333532d69f4e6" }
use_environment = "mainnet"
manifest_digest = "C4FE4C91DE74CBF223B2E380AE40F592177D21870DC2D7EB6227D2D694E05363"
deps = {}

[pinned.mainnet.MoveStdlib_3]
source = { git = "https://github.com/MystenLabs/sui.git", subdir = "crates/sui-framework/packages/move-stdlib", rev = "14bf3e318215db21415c7c0ab0c01cf8d7ef594a" }
use_environment = "mainnet"
manifest_digest = "C4FE4C91DE74CBF223B2E380AE40F592177D21870DC2D7EB6227D2D694E05363"
deps = {}

[pinned.mainnet.MoveStdlib_4]
source = { git = "https://github.com/MystenLabs/sui.git", subdir = "crates/sui-framework/packages/move-stdlib", rev = "d10b7db79a6634acbc483ad8633a7d27fe3bc7c8" }
use_environment = "mainnet"
manifest_digest = "C4FE4C91DE74CBF223B2E380AE40F592177D21870DC2D7EB6227D2D694E05363"
deps = {}

[pinned.mainnet.MoveStdlib_5]
source = { git = "https://github.com/MystenLabs/sui.git", subdir = "crates/sui-framework/packages/move-stdlib", rev = "ff1fe0ec455153707136cffd0dc77dfb77ba9ad5" }
use_environment = "mainnet"
manifest_digest = "C4FE4C91DE74CBF223B2E380AE40F592177D21870DC2D7EB6227D2D694E05363"
deps = {}

[pinned.mainnet.MoveStdlib_6]
source = { git = "https://github.com/MystenLabs/sui.git", subdir = "crates/sui-framework/packages/move-stdlib", rev = "197ebfbc1ff03d83f908e23281e7269b65cf350d" }
use_environment = "mainnet"
manifest_digest = "C4FE4C91DE74CBF223B2E380AE40F592177D21870DC2D7EB6227D2D694E05363"
deps = {}

[pinned.mainnet.Pyth]
source = { git = "https://github.com/solendprotocol/pyth-crosschain.git", subdir = "target_chains/sui/contracts", rev = "f272d1208a4d34ad5e65e344946f731819af99f6" }
use_environment = "mainnet"
manifest_digest = "F2C5AF85C4B72C8F6A8132D05DE4F787F4EB80DBFF812331ED65AE599E7DF92A"
deps = { Sui = "Sui_2", Wormhole = "Wormhole" }

[pinned.mainnet.PythProCompatible]
source = { local = "local_dependencies/pyth_pro_compatible" }
use_environment = "mainnet"
manifest_digest = "F68D37DFE142827E9F5B9D49F3CF2BDA29D7B0CF009D87C795DE52645EB22947"
deps = { Sui = "Sui_2", WormholeSimpleMajority = "WormholeSimpleMajority" }

[pinned.mainnet.Pyth_1]
source = { git = "https://github.com/naviprotocol/pyth-crosschain.git", subdir = "target_chains/sui/contracts", rev = "1880b24c6acfaac101747f863c5047fff9adaa0f" }
use_environment = "mainnet"
manifest_digest = "C981BFE5D31B50DB795278F9617725C1C2AEDFE52970A2E02D2B5636175470AB"
deps = { Sui = "Sui_4", Wormhole = "Wormhole_1" }

[pinned.mainnet.Sui]
source = { git = "https://github.com/MystenLabs/sui.git", subdir = "crates/sui-framework/packages/sui-framework", rev = "367fd808279bed26f7c64fc63160062a2ee29ab7" }
use_environment = "mainnet"
manifest_digest = "CD547CB1ACCE0880C835DAED2D8FFCB91D56C833AE5240D3AA5B918398263195"
deps = { MoveStdlib = "MoveStdlib" }

[pinned.mainnet.SuiSystem]
source = { git = "https://github.com/MystenLabs/sui.git", subdir = "crates/sui-framework/packages/sui-system", rev = "14bf3e318215db21415c7c0ab0c01cf8d7ef594a" }
use_environment = "mainnet"
manifest_digest = "CCBB2DE961DACC94644C65D54E808DEF86BC7E9C42A494D5250CC5F99392E069"
deps = { MoveStdlib = "MoveStdlib_3", Sui = "Sui_3" }

[pinned.mainnet.Sui_1]
source = { git = "https://github.com/MystenLabs/sui.git", subdir = "crates/sui-framework/packages/sui-framework", rev = "2b1b14361f9fe645ef3c233ccb208522e87b5727" }
use_environment = "mainnet"
manifest_digest = "CD547CB1ACCE0880C835DAED2D8FFCB91D56C833AE5240D3AA5B918398263195"
deps = { MoveStdlib = "MoveStdlib_1" }

[pinned.mainnet.Sui_2]
source = { git = "https://github.com/MystenLabs/sui.git", subdir = "crates/sui-framework/packages/sui-framework", rev = "041c5f2bae2fe52079e44b70514333532d69f4e6" }
use_environment = "mainnet"
manifest_digest = "CD547CB1ACCE0880C835DAED2D8FFCB91D56C833AE5240D3AA5B918398263195"
deps = { MoveStdlib = "MoveStdlib_2" }

[pinned.mainnet.Sui_3]
source = { git = "https://github.com/MystenLabs/sui.git", subdir = "crates/sui-framework/packages/sui-framework", rev = "14bf3e318215db21415c7c0ab0c01cf8d7ef594a" }
use_environment = "mainnet"
manifest_digest = "CD547CB1ACCE0880C835DAED2D8FFCB91D56C833AE5240D3AA5B918398263195"
deps = { MoveStdlib = "MoveStdlib_3" }

[pinned.mainnet.Sui_4]
source = { git = "https://github.com/MystenLabs/sui.git", subdir = "crates/sui-framework/packages/sui-framework", rev = "d10b7db79a6634acbc483ad8633a7d27fe3bc7c8" }
use_environment = "mainnet"
manifest_digest = "CD547CB1ACCE0880C835DAED2D8FFCB91D56C833AE5240D3AA5B918398263195"
deps = { MoveStdlib = "MoveStdlib_4" }

[pinned.mainnet.Sui_5]
source = { git = "https://github.com/MystenLabs/sui.git", subdir = "crates/sui-framework/packages/sui-framework", rev = "ff1fe0ec455153707136cffd0dc77dfb77ba9ad5" }
use_environment = "mainnet"
manifest_digest = "CD547CB1ACCE0880C835DAED2D8FFCB91D56C833AE5240D3AA5B918398263195"
deps = { MoveStdlib = "MoveStdlib_5" }

[pinned.mainnet.Sui_6]
source = { git = "https://github.com/MystenLabs/sui.git", subdir = "crates/sui-framework/packages/sui-framework", rev = "197ebfbc1ff03d83f908e23281e7269b65cf350d" }
use_environment = "mainnet"
manifest_digest = "CD547CB1ACCE0880C835DAED2D8FFCB91D56C833AE5240D3AA5B918398263195"
deps = { MoveStdlib = "MoveStdlib_6" }

[pinned.mainnet.SupraOracle]
source = { git = "https://github.com/naviprotocol/supra-oracle.git", subdir = "supra_holder", rev = "0d41a846e75cff18da44e462260bf60c73417c8e" }
use_environment = "mainnet"
manifest_digest = "CDD606D609F32BF36A2C06E7DB0E6BBBA82B7EC29C58D217D0AFCED1E87ED550"
deps = { Sui = "Sui_4", supra_validator = "supra_validator" }

[pinned.mainnet.Switchboard]
source = { local = "local_dependencies/switchboard_sui/on_demand" }
use_environment = "mainnet"
manifest_digest = "BA49968BFF7C4A4D9F013B59535CF8B89D935A7C6D63C121606B1FE844829B72"
deps = { Sui = "Sui_3" }

[pinned.mainnet.Wormhole]
source = { git = "https://github.com/wormhole-foundation/wormhole.git", subdir = "sui/wormhole", rev = "b71be5cbb9537c4aac8e23e74371affa3825efcd" }
use_environment = "mainnet"
manifest_digest = "0D766A0380B75080707CFA6099AF469A2E502B0D9DC334A9E9983B391C5555D9"
deps = { Sui = "Sui_2" }

[pinned.mainnet.WormholeSimpleMajority]
source = { local = "local_dependencies/wormhole_simple_majority" }
use_environment = "mainnet"
manifest_digest = "0D766A0380B75080707CFA6099AF469A2E502B0D9DC334A9E9983B391C5555D9"
deps = { Sui = "Sui_2" }

[pinned.mainnet.Wormhole_1]
source = { git = "https://github.com/naviprotocol/wormhole.git", subdir = "sui/wormhole", rev = "7749aff1380b0f63743d36856a5934de606483ba" }
use_environment = "mainnet"
manifest_digest = "3876920E3F5449B657525E749B996C31141507452514AF2E259F5441554DCDDF"
deps = { Sui = "Sui_4" }

[pinned.mainnet.lending_core]
source = { local = "local_dependencies/protocol/lending_core" }
use_environment = "mainnet"
manifest_digest = "FFDBFAE812A3B492639E10CD44C3F53718525D774EAFD2BCBD1668D5AF132D01"
deps = { Sui = "Sui_4", SuiSystem = "SuiSystem", navi_liquid_staking = "navi_liquid_staking", oracle = "oracle" }

[pinned.mainnet.liquid_staking]
source = { local = "local_dependencies/suilend_d/liquid-staking/contracts" }
use_environment = "mainnet"
manifest_digest = "9667F2F2D62721EAA618E401183E7491FC6AEB1012E23AA6434E69E2A91E05BD"
deps = { SuiSystem = "SuiSystem" }

[pinned.mainnet.mmt_v3]
source = { local = "local_dependencies/mmt_v3" }
use_environment = "mainnet"
manifest_digest = "42BFDD6CD3EEAB63D0166C370C67FF559FFAEEC1E1CFF055043B48BB0C237598"
deps = { Sui = "Sui_5" }

[pinned.mainnet.navi_liquid_staking]
source = { local = "local_dependencies/protocol/volo_liquid_staking" }
use_environment = "mainnet"
manifest_digest = "9FAA9477E5E65541A4157E760509B4AFE0D52B5B722C745F3066CA9129F1A885"
deps = { Sui = "Sui_3", SuiSystem = "SuiSystem" }

[pinned.mainnet.oracle]
source = { local = "local_dependencies/protocol/oracle" }
use_environment = "mainnet"
manifest_digest = "61C421A7488AD39608122B4B2B99C81A45E4B6BD18B671B631F11A416E6B6ABF"
deps = { Pyth = "Pyth_1", Sui = "Sui_4", SupraOracle = "SupraOracle" }

[pinned.mainnet.sprungsui]
source = { local = "local_dependencies/suilend_d/sprungsui" }
use_environment = "mainnet"
manifest_digest = "BA49968BFF7C4A4D9F013B59535CF8B89D935A7C6D63C121606B1FE844829B72"
deps = { Sui = "Sui_3" }

[pinned.mainnet.suilend]
source = { local = "local_dependencies/suilend_d/suilend" }
use_environment = "mainnet"
manifest_digest = "72E7AA384DB0459065EB41D6670634FA961DDE302224C3E0790BBFDA6330C88E"
deps = { Pyth = "Pyth", liquid_staking = "liquid_staking", sprungsui = "sprungsui", std = "MoveStdlib", sui = "Sui" }

[pinned.mainnet.supra_utils]
source = { git = "https://github.com/naviprotocol/supra-oracle.git", subdir = "supra_utils", rev = "0d41a846e75cff18da44e462260bf60c73417c8e" }
use_environment = "mainnet"
manifest_digest = "3876920E3F5449B657525E749B996C31141507452514AF2E259F5441554DCDDF"
deps = { Sui = "Sui_4" }

[pinned.mainnet.supra_validator]
source = { git = "https://github.com/naviprotocol/supra-oracle.git", subdir = "supra_validator", rev = "0d41a846e75cff18da44e462260bf60c73417c8e" }
use_environment = "mainnet"
manifest_digest = "6972115A9F4DCD60D13D7BB34F2D42245F8743B737EA8651F3DF6669BC3D6C93"
deps = { Sui = "Sui_4", supra_utils = "supra_utils" }

[pinned.mainnet.volo_vault]
source = { root = true }
use_environment = "mainnet"
manifest_digest = "1E3121CDC031D92868309E372E3D1284AC7E99B73451D161B376E8C395F71878"
deps = { CetusClmm = "CetusClmm", Pyth = "Pyth", PythProCompatible = "PythProCompatible", Switchboard = "Switchboard", lending_core = "lending_core", mmt_v3 = "mmt_v3", std = "MoveStdlib", sui = "Sui", suilend = "suilend", zo_staking = "zo_staking" }

[pinned.mainnet.zo_staking]
source = { local = "local_dependencies/zo-staking-contract" }
use_environment = "mainnet"
manifest_digest = "06A484F30919ADB872C7A1E640CD75CD5C91F75B6B7A3AFD98F092A2B43B430F"
deps = { Sui = "Sui_6" }

[pinned.testnet.CetusClmm]
source = { git = "https://github.com/CetusProtocol/cetus-clmm-interface.git", subdir = "sui/cetus_clmm", rev = "4be0b8b23610d9c167ced355754172ca3d67cb6a" }
use_environment = "testnet"
manifest_digest = "BF9D06352A0F3108D1B79DC5942E7F89530DE20AA0C1E096F15C150EAD70217B"
deps = { IntegerMate = "IntegerMate", MoveSTL = "MoveSTL", std = "MoveStdlib", sui = "Sui" }

[pinned.testnet.IntegerMate]
source = { git = "https://github.com/CetusProtocol/integer-mate.git", subdir = "sui", rev = "06660f704c4ac1d443ab62346a46b5b60d49df33" }
use_environment = "testnet"
manifest_digest = "2BC33E66793F939A8EC39025214D5DF5DD4B68E8111653C51FA3816FF49A6CDF"
deps = { Sui = "Sui_1" }

[pinned.testnet.MoveSTL]
source = { git = "https://github.com/CetusProtocol/move-stl.git", subdir = "sui", rev = "df421c89bfa814a8d5c004b1998ca2347a225c49" }
use_environment = "testnet"
manifest_digest = "5745706258F61D6CE210904B3E6AE87A73CE9D31A6F93BE4718C442529332A87"
deps = { std = "MoveStdlib", sui = "Sui" }

[pinned.testnet.MoveStdlib]
source = { git = "https://github.com/MystenLabs/sui.git", subdir = "crates/sui-framework/packages/move-stdlib", rev = "06734f6ff0af45d8632a14a4dc4b100197f6b1a2" }
use_environment = "testnet"
manifest_digest = "C4FE4C91DE74CBF223B2E380AE40F592177D21870DC2D7EB6227D2D694E05363"
deps = {}

[pinned.testnet.MoveStdlib_1]
source = { git = "https://github.com/MystenLabs/sui.git", subdir = "crates/sui-framework/packages/move-stdlib", rev = "17a9eb8e19146cac2f1fd8921c85911054d29e50" }
use_environment = "testnet"
manifest_digest = "C4FE4C91DE74CBF223B2E380AE40F592177D21870DC2D7EB6227D2D694E05363"
deps = {}

[pinned.testnet.MoveStdlib_2]
source = { git = "https://github.com/MystenLabs/sui.git", subdir = "crates/sui-framework/packages/move-stdlib", rev = "041c5f2bae2fe52079e44b70514333532d69f4e6" }
use_environment = "testnet"
manifest_digest = "C4FE4C91DE74CBF223B2E380AE40F592177D21870DC2D7EB6227D2D694E05363"
deps = {}

[pinned.testnet.MoveStdlib_3]
source = { git = "https://github.com/MystenLabs/sui.git", subdir = "crates/sui-framework/packages/move-stdlib", rev = "6f6f095c246733e7b155abebb63a4e64d64e17b9" }
use_environment = "testnet"
manifest_digest = "C4FE4C91DE74CBF223B2E380AE40F592177D21870DC2D7EB6227D2D694E05363"
deps = {}

[pinned.testnet.MoveStdlib_4]
source = { git = "https://github.com/MystenLabs/sui.git", subdir = "crates/sui-framework/packages/move-stdlib", rev = "722ac4fcf4841346c91775f596c4ce23fb7fbd0f" }
use_environment = "testnet"
manifest_digest = "C4FE4C91DE74CBF223B2E380AE40F592177D21870DC2D7EB6227D2D694E05363"
deps = {}

[pinned.testnet.MoveStdlib_5]
source = { git = "https://github.com/MystenLabs/sui.git", subdir = "crates/sui-framework/packages/move-stdlib", rev = "197ebfbc1ff03d83f908e23281e7269b65cf350d" }
use_environment = "testnet"
manifest_digest = "C4FE4C91DE74CBF223B2E380AE40F592177D21870DC2D7EB6227D2D694E05363"
deps = {}

[pinned.testnet.Pyth]
source = { git = "https://github.com/solendprotocol/pyth-crosschain.git", subdir = "target_chains/sui/contracts", rev = "f272d1208a4d34ad5e65e344946f731819af99f6" }
use_environment = "testnet"
manifest_digest = "9942AAB3725BC51DADB046B4440A3D008E554C9286ECC72B3DE5CC0309C0D63D"
deps = { Sui = "Sui_2", Wormhole = "Wormhole" }

[pinned.testnet.PythProCompatible]
source = { local = "local_dependencies/pyth_pro_compatible" }
use_environment = "testnet"
manifest_digest = "214B841DCC100DD51E1C0794DE6B6A33F786190C5F2057C44333AC8EA7D219DD"
deps = { Sui = "Sui_2", WormholeSimpleMajority = "WormholeSimpleMajority" }

[pinned.testnet.Pyth_1]
source = { git = "https://github.com/naviprotocol/pyth-crosschain.git", subdir = "target_chains/sui/contracts", rev = "1880b24c6acfaac101747f863c5047fff9adaa0f" }
use_environment = "testnet"
manifest_digest = "485F78616CB77F1A3EA3FC932926DF0B5411D2758EE2BAFA4C4652A4EF06D29B"
deps = { Sui = "Sui_3", Wormhole = "Wormhole_1" }

[pinned.testnet.Sui]
source = { git = "https://github.com/MystenLabs/sui.git", subdir = "crates/sui-framework/packages/sui-framework", rev = "06734f6ff0af45d8632a14a4dc4b100197f6b1a2" }
use_environment = "testnet"
manifest_digest = "7AFB66695545775FBFBB2D3078ADFD084244D5002392E837FDE21D9EA1C6D01C"
deps = { MoveStdlib = "MoveStdlib" }

[pinned.testnet.SuiSystem]
source = { git = "https://github.com/MystenLabs/sui.git", subdir = "crates/sui-framework/packages/sui-system", rev = "6f6f095c246733e7b155abebb63a4e64d64e17b9" }
use_environment = "testnet"
manifest_digest = "F1655B9F9B8ECE67FDBA648266DD75B48852F63BF2515856E822586882D1CA2A"
deps = { MoveStdlib = "MoveStdlib_3", Sui = "Sui_3" }

[pinned.testnet.Sui_1]
source = { git = "https://github.com/MystenLabs/sui.git", subdir = "crates/sui-framework/packages/sui-framework", rev = "17a9eb8e19146cac2f1fd8921c85911054d29e50" }
use_environment = "testnet"
manifest_digest = "7AFB66695545775FBFBB2D3078ADFD084244D5002392E837FDE21D9EA1C6D01C"
deps = { MoveStdlib = "MoveStdlib_1" }

[pinned.testnet.Sui_2]
source = { git = "https://github.com/MystenLabs/sui.git", subdir = "crates/sui-framework/packages/sui-framework", rev = "041c5f2bae2fe52079e44b70514333532d69f4e6" }
use_environment = "testnet"
manifest_digest = "7AFB66695545775FBFBB2D3078ADFD084244D5002392E837FDE21D9EA1C6D01C"
deps = { MoveStdlib = "MoveStdlib_2" }

[pinned.testnet.Sui_3]
source = { git = "https://github.com/MystenLabs/sui.git", subdir = "crates/sui-framework/packages/sui-framework", rev = "6f6f095c246733e7b155abebb63a4e64d64e17b9" }
use_environment = "testnet"
manifest_digest = "7AFB66695545775FBFBB2D3078ADFD084244D5002392E837FDE21D9EA1C6D01C"
deps = { MoveStdlib = "MoveStdlib_3" }

[pinned.testnet.Sui_4]
source = { git = "https://github.com/MystenLabs/sui.git", subdir = "crates/sui-framework/packages/sui-framework", rev = "722ac4fcf4841346c91775f596c4ce23fb7fbd0f" }
use_environment = "testnet"
manifest_digest = "7AFB66695545775FBFBB2D3078ADFD084244D5002392E837FDE21D9EA1C6D01C"
deps = { MoveStdlib = "MoveStdlib_4" }

[pinned.testnet.Sui_5]
source = { git = "https://github.com/MystenLabs/sui.git", subdir = "crates/sui-framework/packages/sui-framework", rev = "197ebfbc1ff03d83f908e23281e7269b65cf350d" }
use_environment = "testnet"
manifest_digest = "7AFB66695545775FBFBB2D3078ADFD084244D5002392E837FDE21D9EA1C6D01C"
deps = { MoveStdlib = "MoveStdlib_5" }

[pinned.testnet.SupraOracle]
source = { git = "https://github.com/naviprotocol/supra-oracle.git", subdir = "supra_holder", rev = "0d41a846e75cff18da44e462260bf60c73417c8e" }
use_environment = "testnet"
manifest_digest = "9C02A35D78AABF65198AAF05ECD1263DA17CF8CDC9057DBD530C7A2EEC5B1DF4"
deps = { Sui = "Sui_3", supra_validator = "supra_validator" }

[pinned.testnet.Switchboard]
source = { local = "local_dependencies/switchboard_sui/on_demand" }
use_environment = "testnet"
manifest_digest = "DEE42C89BB3F8EC67C17BC4AE0CEBE14A28F4FA787E857046EAF0FA38D556496"
deps = { Sui = "Sui_3" }

[pinned.testnet.Wormhole]
source = { git = "https://github.com/wormhole-foundation/wormhole.git", subdir = "sui/wormhole", rev = "b71be5cbb9537c4aac8e23e74371affa3825efcd" }
use_environment = "testnet"
manifest_digest = "6996F1AB8CD448FFBA142C085C488FE8A46B485E61E38A1891EFA52B30D9C12E"
deps = { Sui = "Sui_2" }

[pinned.testnet.WormholeSimpleMajority]
source = { local = "local_dependencies/wormhole_simple_majority" }
use_environment = "testnet"
manifest_digest = "6996F1AB8CD448FFBA142C085C488FE8A46B485E61E38A1891EFA52B30D9C12E"
deps = { Sui = "Sui_2" }

[pinned.testnet.Wormhole_1]
source = { git = "https://github.com/naviprotocol/wormhole.git", subdir = "sui/wormhole", rev = "7749aff1380b0f63743d36856a5934de606483ba" }
use_environment = "testnet"
manifest_digest = "C2772B976EC6A56C32071C116C869B6B810C731713A3E79642606E99AE1F55DA"
deps = { Sui = "Sui_3" }

[pinned.testnet.lending_core]
source = { local = "local_dependencies/protocol/lending_core" }
use_environment = "testnet"
manifest_digest = "1280039373B3E67ED94FBC046F6BF52D5605D0861F75DE8AC91E3A1997396F9C"
deps = { Sui = "Sui_3", SuiSystem = "SuiSystem", navi_liquid_staking = "navi_liquid_staking", oracle = "oracle" }

[pinned.testnet.liquid_staking]
source = { local = "local_dependencies/suilend_d/liquid-staking/contracts" }
use_environment = "testnet"
manifest_digest = "0E0FD833DDE4AA575295A97E5CA23EF2EFADA43BD6419B0A25707C638B5CEE0B"
deps = { SuiSystem = "SuiSystem" }

[pinned.testnet.mmt_v3]
source = { local = "local_dependencies/mmt_v3" }
use_environment = "testnet"
manifest_digest = "D5E0062F1EDD33A59E172DBEA00C2CA9A955E2A8A7CE04920A2CB4C54434AC54"
deps = { Sui = "Sui_4" }

[pinned.testnet.navi_liquid_staking]
source = { local = "local_dependencies/protocol/volo_liquid_staking" }
use_environment = "testnet"
manifest_digest = "1217F6AF12BB16D944C132A8791C6A62BF0A2014DC3D7D9C823E9CC83D49E754"
deps = { Sui = "Sui_3", SuiSystem = "SuiSystem" }

[pinned.testnet.oracle]
source = { local = "local_dependencies/protocol/oracle" }
use_environment = "testnet"
manifest_digest = "8CCC7A2A3DE3DCDE8FBB6F6542ABC79170A221F616D925873CAEFE585EA52C1E"
deps = { Pyth = "Pyth_1", Sui = "Sui_3", SupraOracle = "SupraOracle" }

[pinned.testnet.sprungsui]
source = { local = "local_dependencies/suilend_d/sprungsui" }
use_environment = "testnet"
manifest_digest = "DEE42C89BB3F8EC67C17BC4AE0CEBE14A28F4FA787E857046EAF0FA38D556496"
deps = { Sui = "Sui_3" }

[pinned.testnet.suilend]
source = { local = "local_dependencies/suilend_d/suilend" }
use_environment = "testnet"
manifest_digest = "758E6893CB112F4617129F6CC5719F49AC0609EDC6377C306264810E98E66FD0"
deps = { Pyth = "Pyth", liquid_staking = "liquid_staking", sprungsui = "sprungsui", std = "MoveStdlib", sui = "Sui" }

[pinned.testnet.supra_utils]
source = { git = "https://github.com/naviprotocol/supra-oracle.git", subdir = "supra_utils", rev = "0d41a846e75cff18da44e462260bf60c73417c8e" }
use_environment = "testnet"
manifest_digest = "C2772B976EC6A56C32071C116C869B6B810C731713A3E79642606E99AE1F55DA"
deps = { Sui = "Sui_3" }

[pinned.testnet.supra_validator]
source = { git = "https://github.com/naviprotocol/supra-oracle.git", subdir = "supra_validator", rev = "0d41a846e75cff18da44e462260bf60c73417c8e" }
use_environment = "testnet"
manifest_digest = "20910F73E6DB180B11201B71A872B16AED4CFEF8AAE1428E33839CB5860A569E"
deps = { Sui = "Sui_3", supra_utils = "supra_utils" }

[pinned.testnet.volo_vault]
source = { root = true }
use_environment = "testnet"
manifest_digest = "E22B405868974EAFB835DBCFF127A76AB1DC73536FDBFFD835701047C5E9B66E"
deps = { CetusClmm = "CetusClmm", Pyth = "Pyth", PythProCompatible = "PythProCompatible", Switchboard = "Switchboard", lending_core = "lending_core", mmt_v3 = "mmt_v3", std = "MoveStdlib", sui = "Sui", suilend = "suilend", zo_staking = "zo_staking" }

[pinned.testnet.zo_staking]
source = { local = "local_dependencies/zo-staking-contract" }
use_environment = "testnet"
manifest_digest = "C9AC5EAE2DE2CE07E2E07555FD2C59814F52D4416BF8DF2ED801EFA2AAFF9602"
deps = { Sui = "Sui_5" }
